
Microsoft Visual Studio Solution File, Format Version 12.00
# Visual Studio Version 17
VisualStudioVersion = 17.8.34525.116
MinimumVisualStudioVersion = 10.0.40219.1
Project("{FAE04EC0-301F-11D3-BF4B-00C04F79EFBC}") = "PersonSerializer", "PersonSerializer\PersonSerializer.csproj", "{5882C23B-0503-4B6E-8CAA-F1C4F99261BE}"
EndProject
Project("{FAE04EC0-301F-11D3-BF4B-00C04F79EFBC}") = "SerializerObjects", "SerializerObjects\SerializerObjects.csproj", "{B7DB069A-DCE6-4C7B-83A7-C19A112130D4}"
EndProject
Global
	GlobalSection(SolutionConfigurationPlatforms) = preSolution
		Debug|Any CPU = Debug|Any CPU
		Release|Any CPU = Release|Any CPU
	EndGlobalSection
	GlobalSection(ProjectConfigurationPlatforms) = postSolution
		{5882C23B-0503-4B6E-8CAA-F1C4F99261BE}.Debug|Any CPU.ActiveCfg = Debug|Any CPU
		{5882C23B-0503-4B6E-8CAA-F1C4F99261BE}.Debug|Any CPU.Build.0 = Debug|Any CPU
		{5882C23B-0503-4B6E-8CAA-F1C4F99261BE}.Release|Any CPU.ActiveCfg = Release|Any CPU
		{5882C23B-0503-4B6E-8CAA-F1C4F99261BE}.Release|Any CPU.Build.0 = Release|Any CPU
		{B7DB069A-DCE6-4C7B-83A7-C19A112130D4}.Debug|Any CPU.ActiveCfg = Debug|Any CPU
		{B7DB069A-DCE6-4C7B-83A7-C19A112130D4}.Debug|Any CPU.Build.0 = Debug|Any CPU
		{B7DB069A-DCE6-4C7B-83A7-C19A112130D4}.Release|Any CPU.ActiveCfg = Release|Any CPU
		{B7DB069A-DCE6-4C7B-83A7-C19A112130D4}.Release|Any CPU.Build.0 = Release|Any CPU
	EndGlobalSection
	GlobalSection(SolutionProperties) = preSolution
		HideSolutionNode = FALSE
	EndGlobalSection
	GlobalSection(ExtensibilityGlobals) = postSolution
		SolutionGuid = {08D5BBA1-F9EC-4A30-BAEE-89B45559C379}
	EndGlobalSection
EndGlobal
